// !$*UTF8*$!
{
	archiveVersion = 1;
	classes = {
	};
	objectVersion = 50;
	objects = {

/* Begin PBXBuildFile section */
		D0CF48B822A60ADB00F7576A /* 07-logical-operators.swift in Sources */ = {isa = PBXBuildFile; fileRef = D0CF48B722A60ADB00F7576A /* 07-logical-operators.swift */; };
		D0E0929C22A4C3D100864EA0 /* main.swift in Sources */ = {isa = PBXBuildFile; fileRef = D0E0929B22A4C3D100864EA0 /* main.swift */; };
		D0E092A422A4C45500864EA0 /* 01-assignment-operator.swift in Sources */ = {isa = PBXBuildFile; fileRef = D0E092A322A4C45500864EA0 /* 01-assignment-operator.swift */; };
		D0E092A622A4D87700864EA0 /* 02-arithmetic-operators.swift in Sources */ = {isa = PBXBuildFile; fileRef = D0E092A522A4D87700864EA0 /* 02-arithmetic-operators.swift */; };
		D0E092BF22A51C1200864EA0 /* 03-comparison-operators.swift in Sources */ = {isa = PBXBuildFile; fileRef = D0E092BE22A51C1200864EA0 /* 03-comparison-operators.swift */; };
		D0E092C122A52A6E00864EA0 /* 04-ternary-conditional-operator.swift in Sources */ = {isa = PBXBuildFile; fileRef = D0E092C022A52A6E00864EA0 /* 04-ternary-conditional-operator.swift */; };
		D0E092C322A53D9700864EA0 /* 05-nil-coalescing-operator.swift in Sources */ = {isa = PBXBuildFile; fileRef = D0E092C222A53D9700864EA0 /* 05-nil-coalescing-operator.swift */; };
		D0E092C522A54B3F00864EA0 /* 06-range-operators.swift in Sources */ = {isa = PBXBuildFile; fileRef = D0E092C422A54B3F00864EA0 /* 06-range-operators.swift */; };
/* End PBXBuildFile section */

/* Begin PBXCopyFilesBuildPhase section */
		D0E0929622A4C3D100864EA0 /* CopyFiles */ = {
			isa = PBXCopyFilesBuildPhase;
			buildActionMask = 2147483647;
			dstPath = /usr/share/man/man1/;
			dstSubfolderSpec = 0;
			files = (
			);
			runOnlyForDeploymentPostprocessing = 1;
		};
/* End PBXCopyFilesBuildPhase section */

/* Begin PBXFileReference section */
		D0CF48B722A60ADB00F7576A /* 07-logical-operators.swift */ = {isa = PBXFileReference; lastKnownFileType = sourcecode.swift; path = "07-logical-operators.swift"; sourceTree = "<group>"; };
		D0E0929822A4C3D100864EA0 /* 02-swift-basic-operators */ = {isa = PBXFileReference; explicitFileType = "compiled.mach-o.executable"; includeInIndex = 0; path = "02-swift-basic-operators"; sourceTree = BUILT_PRODUCTS_DIR; };
		D0E0929B22A4C3D100864EA0 /* main.swift */ = {isa = PBXFileReference; lastKnownFileType = sourcecode.swift; path = main.swift; sourceTree = "<group>"; };
		D0E092A222A4C3E600864EA0 /* README.md */ = {isa = PBXFileReference; lastKnownFileType = net.daringfireball.markdown; path = README.md; sourceTree = "<group>"; };
		D0E092A322A4C45500864EA0 /* 01-assignment-operator.swift */ = {isa = PBXFileReference; lastKnownFileType = sourcecode.swift; path = "01-assignment-operator.swift"; sourceTree = "<group>"; };
		D0E092A522A4D87700864EA0 /* 02-arithmetic-operators.swift */ = {isa = PBXFileReference; lastKnownFileType = sourcecode.swift; path = "02-arithmetic-operators.swift"; sourceTree = "<group>"; };
		D0E092BE22A51C1200864EA0 /* 03-comparison-operators.swift */ = {isa = PBXFileReference; lastKnownFileType = sourcecode.swift; path = "03-comparison-operators.swift"; sourceTree = "<group>"; };
		D0E092C022A52A6E00864EA0 /* 04-ternary-conditional-operator.swift */ = {isa = PBXFileReference; lastKnownFileType = sourcecode.swift; path = "04-ternary-conditional-operator.swift"; sourceTree = "<group>"; };
		D0E092C222A53D9700864EA0 /* 05-nil-coalescing-operator.swift */ = {isa = PBXFileReference; lastKnownFileType = sourcecode.swift; path = "05-nil-coalescing-operator.swift"; sourceTree = "<group>"; };
		D0E092C422A54B3F00864EA0 /* 06-range-operators.swift */ = {isa = PBXFileReference; lastKnownFileType = sourcecode.swift; path = "06-range-operators.swift"; sourceTree = "<group>"; };
		D0E60CEF22AE12F000295687 /* README.md */ = {isa = PBXFileReference; fileEncoding = 4; lastKnownFileType = net.daringfireball.markdown; path = README.md; sourceTree = "<group>"; };
/* End PBXFileReference section */

/* Begin PBXFrameworksBuildPhase section */
		D0E0929522A4C3D100864EA0 /* Frameworks */ = {
			isa = PBXFrameworksBuildPhase;
			buildActionMask = 2147483647;
			files = (
			);
			runOnlyForDeploymentPostprocessing = 0;
		};
/* End PBXFrameworksBuildPhase section */

/* Begin PBXGroup section */
		D0E0928F22A4C3D100864EA0 = {
			isa = PBXGroup;
			children = (
				D0E60CEF22AE12F000295687 /* README.md */,
				D0E0929A22A4C3D100864EA0 /* 02-swift-basic-operators */,
				D0E0929922A4C3D100864EA0 /* Products */,
			);
			sourceTree = "<group>";
		};
		D0E0929922A4C3D100864EA0 /* Products */ = {
			isa = PBXGroup;
			children = (
				D0E0929822A4C3D100864EA0 /* 02-swift-basic-operators */,
			);
			name = Products;
			sourceTree = "<group>";
		};
		D0E0929A22A4C3D100864EA0 /* 02-swift-basic-operators */ = {
			isa = PBXGroup;
			children = (
				D0E0929B22A4C3D100864EA0 /* main.swift */,
				D0E092A222A4C3E600864EA0 /* README.md */,
				D0E092A322A4C45500864EA0 /* 01-assignment-operator.swift */,
				D0E092A522A4D87700864EA0 /* 02-arithmetic-operators.swift */,
				D0E092BE22A51C1200864EA0 /* 03-comparison-operators.swift */,
				D0E092C022A52A6E00864EA0 /* 04-ternary-conditional-operator.swift */,
				D0E092C222A53D9700864EA0 /* 05-nil-coalescing-operator.swift */,
				D0E092C422A54B3F00864EA0 /* 06-range-operators.swift */,
				D0CF48B722A60ADB00F7576A /* 07-logical-operators.swift */,
			);
			path = "02-swift-basic-operators";
			sourceTree = "<group>";
		};
/* End PBXGroup section */

/* Begin PBXNativeTarget section */
		D0E0929722A4C3D100864EA0 /* 02-swift-basic-operators */ = {
			isa = PBXNativeTarget;
			buildConfigurationList = D0E0929F22A4C3D100864EA0 /* Build configuration list for PBXNativeTarget "02-swift-basic-operators" */;
			buildPhases = (
				D0E0929422A4C3D100864EA0 /* Sources */,
				D0E0929522A4C3D100864EA0 /* Frameworks */,
				D0E0929622A4C3D100864EA0 /* CopyFiles */,
			);
			buildRules = (
			);
			dependencies = (
			);
			name = "02-swift-basic-operators";
			productName = "02-swift-basic-operators";
			productReference = D0E0929822A4C3D100864EA0 /* 02-swift-basic-operators */;
			productType = "com.apple.product-type.tool";
		};
/* End PBXNativeTarget section */

/* Begin PBXProject section */
		D0E0929022A4C3D100864EA0 /* Project object */ = {
			isa = PBXProject;
			attributes = {
				LastSwiftUpdateCheck = 1020;
				LastUpgradeCheck = 1020;
				ORGANIZATIONNAME = xiaoyuan;
				TargetAttributes = {
					D0E0929722A4C3D100864EA0 = {
						CreatedOnToolsVersion = 10.2;
					};
				};
			};
			buildConfigurationList = D0E0929322A4C3D100864EA0 /* Build configuration list for PBXProject "02-swift-basic-operators" */;
			compatibilityVersion = "Xcode 9.3";
			developmentRegion = en;
			hasScannedForEncodings = 0;
			knownRegions = (
				en,
			);
			mainGroup = D0E0928F22A4C3D100864EA0;
			productRefGroup = D0E0929922A4C3D100864EA0 /* Products */;
			projectDirPath = "";
			projectRoot = "";
			targets = (
				D0E0929722A4C3D100864EA0 /* 02-swift-basic-operators */,
			);
		};
/* End PBXProject section */

/* Begin PBXSourcesBuildPhase section */
		D0E0929422A4C3D100864EA0 /* Sources */ = {
			isa = PBXSourcesBuildPhase;
			buildActionMask = 2147483647;
			files = (
				D0CF48B822A60ADB00F7576A /* 07-logical-operators.swift in Sources */,
				D0E0929C22A4C3D100864EA0 /* main.swift in Sources */,
				D0E092A422A4C45500864EA0 /* 01-assignment-operator.swift in Sources */,
				D0E092C522A54B3F00864EA0 /* 06-range-operators.swift in Sources */,
				D0E092C322A53D9700864EA0 /* 05-nil-coalescing-operator.swift in Sources */,
				D0E092A622A4D87700864EA0 /* 02-arithmetic-operators.swift in Sources */,
				D0E092C122A52A6E00864EA0 /* 04-ternary-conditional-operator.swift in Sources */,
				D0E092BF22A51C1200864EA0 /* 03-comparison-operators.swift in Sources */,
			);
			runOnlyForDeploymentPostprocessing = 0;
		};
/* End PBXSourcesBuildPhase section */

/* Begin XCBuildConfiguration section */
		D0E0929D22A4C3D100864EA0 /* Debug */ = {
			isa = XCBuildConfiguration;
			buildSettings = {
				ALWAYS_SEARCH_USER_PATHS = NO;
				CLANG_ANALYZER_NONNULL = YES;
				CLANG_ANALYZER_NUMBER_OBJECT_CONVERSION = YES_AGGRESSIVE;
				CLANG_CXX_LANGUAGE_STANDARD = "gnu++14";
				CLANG_CXX_LIBRARY = "libc++";
				CLANG_ENABLE_MODULES = YES;
				CLANG_ENABLE_OBJC_ARC = YES;
				CLANG_ENABLE_OBJC_WEAK = YES;
				CLANG_WARN_BLOCK_CAPTURE_AUTORELEASING = YES;
				CLANG_WARN_BOOL_CONVERSION = YES;
				CLANG_WARN_COMMA = YES;
				CLANG_WARN_CONSTANT_CONVERSION = YES;
				CLANG_WARN_DEPRECATED_OBJC_IMPLEMENTATIONS = YES;
				CLANG_WARN_DIRECT_OBJC_ISA_USAGE = YES_ERROR;
				CLANG_WARN_DOCUMENTATION_COMMENTS = YES;
				CLANG_WARN_EMPTY_BODY = YES;
				CLANG_WARN_ENUM_CONVERSION = YES;
				CLANG_WARN_INFINITE_RECURSION = YES;
				CLANG_WARN_INT_CONVERSION = YES;
				CLANG_WARN_NON_LITERAL_NULL_CONVERSION = YES;
				CLANG_WARN_OBJC_IMPLICIT_RETAIN_SELF = YES;
				CLANG_WARN_OBJC_LITERAL_CONVERSION = YES;
				CLANG_WARN_OBJC_ROOT_CLASS = YES_ERROR;
				CLANG_WARN_RANGE_LOOP_ANALYSIS = YES;
				CLANG_WARN_STRICT_PROTOTYPES = YES;
				CLANG_WARN_SUSPICIOUS_MOVE = YES;
				CLANG_WARN_UNGUARDED_AVAILABILITY = YES_AGGRESSIVE;
				CLANG_WARN_UNREACHABLE_CODE = YES;
				CLANG_WARN__DUPLICATE_METHOD_MATCH = YES;
				CODE_SIGN_IDENTITY = "Mac Developer";
				COPY_PHASE_STRIP = NO;
				DEBUG_INFORMATION_FORMAT = dwarf;
				ENABLE_STRICT_OBJC_MSGSEND = YES;
				ENABLE_TESTABILITY = YES;
				GCC_C_LANGUAGE_STANDARD = gnu11;
				GCC_DYNAMIC_NO_PIC = NO;
				GCC_NO_COMMON_BLOCKS = YES;
				GCC_OPTIMIZATION_LEVEL = 0;
				GCC_PREPROCESSOR_DEFINITIONS = (
					"DEBUG=1",
					"$(inherited)",
				);
				GCC_WARN_64_TO_32_BIT_CONVERSION = YES;
				GCC_WARN_ABOUT_RETURN_TYPE = YES_ERROR;
				GCC_WARN_UNDECLARED_SELECTOR = YES;
				GCC_WARN_UNINITIALIZED_AUTOS = YES_AGGRESSIVE;
				GCC_WARN_UNUSED_FUNCTION = YES;
				GCC_WARN_UNUSED_VARIABLE = YES;
				MACOSX_DEPLOYMENT_TARGET = 10.14;
				MTL_ENABLE_DEBUG_INFO = INCLUDE_SOURCE;
				MTL_FAST_MATH = YES;
				ONLY_ACTIVE_ARCH = YES;
				SDKROOT = macosx;
				SWIFT_ACTIVE_COMPILATION_CONDITIONS = DEBUG;
				SWIFT_OPTIMIZATION_LEVEL = "-Onone";
			};
			name = Debug;
		};
		D0E0929E22A4C3D100864EA0 /* Release */ = {
			isa = XCBuildConfiguration;
			buildSettings = {
				ALWAYS_SEARCH_USER_PATHS = NO;
				CLANG_ANALYZER_NONNULL = YES;
				CLANG_ANALYZER_NUMBER_OBJECT_CONVERSION = YES_AGGRESSIVE;
				CLANG_CXX_LANGUAGE_STANDARD = "gnu++14";
				CLANG_CXX_LIBRARY = "libc++";
				CLANG_ENABLE_MODULES = YES;
				CLANG_ENABLE_OBJC_ARC = YES;
				CLANG_ENABLE_OBJC_WEAK = YES;
				CLANG_WARN_BLOCK_CAPTURE_AUTORELEASING = YES;
				CLANG_WARN_BOOL_CONVERSION = YES;
				CLANG_WARN_COMMA = YES;
				CLANG_WARN_CONSTANT_CONVERSION = YES;
				CLANG_WARN_DEPRECATED_OBJC_IMPLEMENTATIONS = YES;
				CLANG_WARN_DIRECT_OBJC_ISA_USAGE = YES_ERROR;
				CLANG_WARN_DOCUMENTATION_COMMENTS = YES;
				CLANG_WARN_EMPTY_BODY = YES;
				CLANG_WARN_ENUM_CONVERSION = YES;
				CLANG_WARN_INFINITE_RECURSION = YES;
				CLANG_WARN_INT_CONVERSION = YES;
				CLANG_WARN_NON_LITERAL_NULL_CONVERSION = YES;
				CLANG_WARN_OBJC_IMPLICIT_RETAIN_SELF = YES;
				CLANG_WARN_OBJC_LITERAL_CONVERSION = YES;
				CLANG_WARN_OBJC_ROOT_CLASS = YES_ERROR;
				CLANG_WARN_RANGE_LOOP_ANALYSIS = YES;
				CLANG_WARN_STRICT_PROTOTYPES = YES;
				CLANG_WARN_SUSPICIOUS_MOVE = YES;
				CLANG_WARN_UNGUARDED_AVAILABILITY = YES_AGGRESSIVE;
				CLANG_WARN_UNREACHABLE_CODE = YES;
				CLANG_WARN__DUPLICATE_METHOD_MATCH = YES;
				CODE_SIGN_IDENTITY = "Mac Developer";
				COPY_PHASE_STRIP = NO;
				DEBUG_INFORMATION_FORMAT = "dwarf-with-dsym";
				ENABLE_NS_ASSERTIONS = NO;
				ENABLE_STRICT_OBJC_MSGSEND = YES;
				GCC_C_LANGUAGE_STANDARD = gnu11;
				GCC_NO_COMMON_BLOCKS = YES;
				GCC_WARN_64_TO_32_BIT_CONVERSION = YES;
				GCC_WARN_ABOUT_RETURN_TYPE = YES_ERROR;
				GCC_WARN_UNDECLARED_SELECTOR = YES;
				GCC_WARN_UNINITIALIZED_AUTOS = YES_AGGRESSIVE;
				GCC_WARN_UNUSED_FUNCTION = YES;
				GCC_WARN_UNUSED_VARIABLE = YES;
				MACOSX_DEPLOYMENT_TARGET = 10.14;
				MTL_ENABLE_DEBUG_INFO = NO;
				MTL_FAST_MATH = YES;
				SDKROOT = macosx;
				SWIFT_COMPILATION_MODE = wholemodule;
				SWIFT_OPTIMIZATION_LEVEL = "-O";
			};
			name = Release;
		};
		D0E092A022A4C3D100864EA0 /* Debug */ = {
			isa = XCBuildConfiguration;
			buildSettings = {
				CODE_SIGN_STYLE = Automatic;
				DEVELOPMENT_TEAM = NKW67GFDHM;
				PRODUCT_NAME = "$(TARGET_NAME)";
				SWIFT_VERSION = 5.0;
			};
			name = Debug;
		};
		D0E092A122A4C3D100864EA0 /* Release */ = {
			isa = XCBuildConfiguration;
			buildSettings = {
				CODE_SIGN_STYLE = Automatic;
				DEVELOPMENT_TEAM = NKW67GFDHM;
				PRODUCT_NAME = "$(TARGET_NAME)";
				SWIFT_VERSION = 5.0;
			};
			name = Release;
		};
/* End XCBuildConfiguration section */

/* Begin XCConfigurationList section */
		D0E0929322A4C3D100864EA0 /* Build configuration list for PBXProject "02-swift-basic-operators" */ = {
			isa = XCConfigurationList;
			buildConfigurations = (
				D0E0929D22A4C3D100864EA0 /* Debug */,
				D0E0929E22A4C3D100864EA0 /* Release */,
			);
			defaultConfigurationIsVisible = 0;
			defaultConfigurationName = Release;
		};
		D0E0929F22A4C3D100864EA0 /* Build configuration list for PBXNativeTarget "02-swift-basic-operators" */ = {
			isa = XCConfigurationList;
			buildConfigurations = (
				D0E092A022A4C3D100864EA0 /* Debug */,
				D0E092A122A4C3D100864EA0 /* Release */,
			);
			defaultConfigurationIsVisible = 0;
			defaultConfigurationName = Release;
		};
/* End XCConfigurationList section */
	};
	rootObject = D0E0929022A4C3D100864EA0 /* Project object */;
}
