// !$*UTF8*$!
{
	archiveVersion = 1;
	classes = {
	};
	objectVersion = 50;
	objects = {

/* Begin PBXBuildFile section */
		D228A77A22B5262100C935E1 /* Data.swift in Sources */ = {isa = PBXBuildFile; fileRef = D228A76822B5262100C935E1 /* Data.swift */; };
		D228A77B22B5262100C935E1 /* UserData.swift in Sources */ = {isa = PBXBuildFile; fileRef = D228A76922B5262100C935E1 /* UserData.swift */; };
		D228A77C22B5262100C935E1 /* Landmark.swift in Sources */ = {isa = PBXBuildFile; fileRef = D228A76A22B5262100C935E1 /* Landmark.swift */; };
		D228A77D22B5262100C935E1 /* charleyrivers.jpg in Resources */ = {isa = PBXBuildFile; fileRef = D228A76C22B5262100C935E1 /* charleyrivers.jpg */; };
		D228A77E22B5262100C935E1 /* turtlerock.jpg in Resources */ = {isa = PBXBuildFile; fileRef = D228A76D22B5262100C935E1 /* turtlerock.jpg */; };
		D228A77F22B5262100C935E1 /* silversalmoncreek.jpg in Resources */ = {isa = PBXBuildFile; fileRef = D228A76E22B5262100C935E1 /* silversalmoncreek.jpg */; };
		D228A78022B5262100C935E1 /* icybay.jpg in Resources */ = {isa = PBXBuildFile; fileRef = D228A76F22B5262100C935E1 /* icybay.jpg */; };
		D228A78122B5262100C935E1 /* lakemcdonald.jpg in Resources */ = {isa = PBXBuildFile; fileRef = D228A77022B5262100C935E1 /* lakemcdonald.jpg */; };
		D228A78222B5262100C935E1 /* hiddenlake.jpg in Resources */ = {isa = PBXBuildFile; fileRef = D228A77122B5262100C935E1 /* hiddenlake.jpg */; };
		D228A78322B5262100C935E1 /* twinlake.jpg in Resources */ = {isa = PBXBuildFile; fileRef = D228A77222B5262100C935E1 /* twinlake.jpg */; };
		D228A78422B5262100C935E1 /* umbagog.jpg in Resources */ = {isa = PBXBuildFile; fileRef = D228A77322B5262100C935E1 /* umbagog.jpg */; };
		D228A78522B5262100C935E1 /* landmarkData.json in Resources */ = {isa = PBXBuildFile; fileRef = D228A77422B5262100C935E1 /* landmarkData.json */; };
		D228A78622B5262100C935E1 /* chincoteague.jpg in Resources */ = {isa = PBXBuildFile; fileRef = D228A77522B5262100C935E1 /* chincoteague.jpg */; };
		D228A78722B5262100C935E1 /* stmarylake.jpg in Resources */ = {isa = PBXBuildFile; fileRef = D228A77622B5262100C935E1 /* stmarylake.jpg */; };
		D228A78822B5262100C935E1 /* chilkoottrail.jpg in Resources */ = {isa = PBXBuildFile; fileRef = D228A77722B5262100C935E1 /* chilkoottrail.jpg */; };
		D228A78922B5262100C935E1 /* rainbowlake.jpg in Resources */ = {isa = PBXBuildFile; fileRef = D228A77822B5262100C935E1 /* rainbowlake.jpg */; };
		D228A78B22B5266900C935E1 /* CircleImage.swift in Sources */ = {isa = PBXBuildFile; fileRef = D228A78A22B5266900C935E1 /* CircleImage.swift */; };
		D228A78D22B5272000C935E1 /* MapView.swift in Sources */ = {isa = PBXBuildFile; fileRef = D228A78C22B5272000C935E1 /* MapView.swift */; };
		D228A78F22B5282900C935E1 /* LandmarkDetail.swift in Sources */ = {isa = PBXBuildFile; fileRef = D228A78E22B5282900C935E1 /* LandmarkDetail.swift */; };
		D228A79122B52C3A00C935E1 /* LandmarkRow.swift in Sources */ = {isa = PBXBuildFile; fileRef = D228A79022B52C3A00C935E1 /* LandmarkRow.swift */; };
		D228A79322B52D8800C935E1 /* LandmarkList.swift in Sources */ = {isa = PBXBuildFile; fileRef = D228A79222B52D8800C935E1 /* LandmarkList.swift */; };
		D228A79522B52F1200C935E1 /* HexagonParameters.swift in Sources */ = {isa = PBXBuildFile; fileRef = D228A79422B52F1200C935E1 /* HexagonParameters.swift */; };
		D228A79722B52F6B00C935E1 /* BadgeSymbol.swift in Sources */ = {isa = PBXBuildFile; fileRef = D228A79622B52F6B00C935E1 /* BadgeSymbol.swift */; };
		D228A79922B52F8600C935E1 /* RotatedBadgeSymbol.swift in Sources */ = {isa = PBXBuildFile; fileRef = D228A79822B52F8600C935E1 /* RotatedBadgeSymbol.swift */; };
		D228A79B22B5301E00C935E1 /* BadgeBackground.swift in Sources */ = {isa = PBXBuildFile; fileRef = D228A79A22B5301E00C935E1 /* BadgeBackground.swift */; };
		D228A79D22B5305200C935E1 /* Badge.swift in Sources */ = {isa = PBXBuildFile; fileRef = D228A79C22B5305200C935E1 /* Badge.swift */; };
		D2B5C36522B50CA800D80541 /* AppDelegate.swift in Sources */ = {isa = PBXBuildFile; fileRef = D2B5C36422B50CA800D80541 /* AppDelegate.swift */; };
		D2B5C36722B50CA800D80541 /* SceneDelegate.swift in Sources */ = {isa = PBXBuildFile; fileRef = D2B5C36622B50CA800D80541 /* SceneDelegate.swift */; };
		D2B5C36B22B50CAA00D80541 /* Assets.xcassets in Resources */ = {isa = PBXBuildFile; fileRef = D2B5C36A22B50CAA00D80541 /* Assets.xcassets */; };
		D2B5C36E22B50CAA00D80541 /* Preview Assets.xcassets in Resources */ = {isa = PBXBuildFile; fileRef = D2B5C36D22B50CAA00D80541 /* Preview Assets.xcassets */; };
		D2B5C37122B50CAA00D80541 /* LaunchScreen.storyboard in Resources */ = {isa = PBXBuildFile; fileRef = D2B5C36F22B50CAA00D80541 /* LaunchScreen.storyboard */; };
		D2B5C37922B51AB000D80541 /* README.md in Resources */ = {isa = PBXBuildFile; fileRef = D2B5C37822B51AB000D80541 /* README.md */; };
/* End PBXBuildFile section */

/* Begin PBXFileReference section */
		D228A76822B5262100C935E1 /* Data.swift */ = {isa = PBXFileReference; fileEncoding = 4; lastKnownFileType = sourcecode.swift; path = Data.swift; sourceTree = "<group>"; };
		D228A76922B5262100C935E1 /* UserData.swift */ = {isa = PBXFileReference; fileEncoding = 4; lastKnownFileType = sourcecode.swift; path = UserData.swift; sourceTree = "<group>"; };
		D228A76A22B5262100C935E1 /* Landmark.swift */ = {isa = PBXFileReference; fileEncoding = 4; lastKnownFileType = sourcecode.swift; path = Landmark.swift; sourceTree = "<group>"; };
		D228A76C22B5262100C935E1 /* charleyrivers.jpg */ = {isa = PBXFileReference; lastKnownFileType = image.jpeg; path = charleyrivers.jpg; sourceTree = "<group>"; };
		D228A76D22B5262100C935E1 /* turtlerock.jpg */ = {isa = PBXFileReference; lastKnownFileType = image.jpeg; path = turtlerock.jpg; sourceTree = "<group>"; };
		D228A76E22B5262100C935E1 /* silversalmoncreek.jpg */ = {isa = PBXFileReference; lastKnownFileType = image.jpeg; path = silversalmoncreek.jpg; sourceTree = "<group>"; };
		D228A76F22B5262100C935E1 /* icybay.jpg */ = {isa = PBXFileReference; lastKnownFileType = image.jpeg; path = icybay.jpg; sourceTree = "<group>"; };
		D228A77022B5262100C935E1 /* lakemcdonald.jpg */ = {isa = PBXFileReference; lastKnownFileType = image.jpeg; path = lakemcdonald.jpg; sourceTree = "<group>"; };
		D228A77122B5262100C935E1 /* hiddenlake.jpg */ = {isa = PBXFileReference; lastKnownFileType = image.jpeg; path = hiddenlake.jpg; sourceTree = "<group>"; };
		D228A77222B5262100C935E1 /* twinlake.jpg */ = {isa = PBXFileReference; lastKnownFileType = image.jpeg; path = twinlake.jpg; sourceTree = "<group>"; };
		D228A77322B5262100C935E1 /* umbagog.jpg */ = {isa = PBXFileReference; lastKnownFileType = image.jpeg; path = umbagog.jpg; sourceTree = "<group>"; };
		D228A77422B5262100C935E1 /* landmarkData.json */ = {isa = PBXFileReference; fileEncoding = 4; lastKnownFileType = text.json; path = landmarkData.json; sourceTree = "<group>"; };
		D228A77522B5262100C935E1 /* chincoteague.jpg */ = {isa = PBXFileReference; lastKnownFileType = image.jpeg; path = chincoteague.jpg; sourceTree = "<group>"; };
		D228A77622B5262100C935E1 /* stmarylake.jpg */ = {isa = PBXFileReference; lastKnownFileType = image.jpeg; path = stmarylake.jpg; sourceTree = "<group>"; };
		D228A77722B5262100C935E1 /* chilkoottrail.jpg */ = {isa = PBXFileReference; lastKnownFileType = image.jpeg; path = chilkoottrail.jpg; sourceTree = "<group>"; };
		D228A77822B5262100C935E1 /* rainbowlake.jpg */ = {isa = PBXFileReference; lastKnownFileType = image.jpeg; path = rainbowlake.jpg; sourceTree = "<group>"; };
		D228A78A22B5266900C935E1 /* CircleImage.swift */ = {isa = PBXFileReference; lastKnownFileType = sourcecode.swift; path = CircleImage.swift; sourceTree = "<group>"; };
		D228A78C22B5272000C935E1 /* MapView.swift */ = {isa = PBXFileReference; lastKnownFileType = sourcecode.swift; path = MapView.swift; sourceTree = "<group>"; };
		D228A78E22B5282900C935E1 /* LandmarkDetail.swift */ = {isa = PBXFileReference; lastKnownFileType = sourcecode.swift; path = LandmarkDetail.swift; sourceTree = "<group>"; };
		D228A79022B52C3A00C935E1 /* LandmarkRow.swift */ = {isa = PBXFileReference; lastKnownFileType = sourcecode.swift; path = LandmarkRow.swift; sourceTree = "<group>"; };
		D228A79222B52D8800C935E1 /* LandmarkList.swift */ = {isa = PBXFileReference; lastKnownFileType = sourcecode.swift; path = LandmarkList.swift; sourceTree = "<group>"; };
		D228A79422B52F1200C935E1 /* HexagonParameters.swift */ = {isa = PBXFileReference; fileEncoding = 4; lastKnownFileType = sourcecode.swift; path = HexagonParameters.swift; sourceTree = "<group>"; };
		D228A79622B52F6B00C935E1 /* BadgeSymbol.swift */ = {isa = PBXFileReference; lastKnownFileType = sourcecode.swift; path = BadgeSymbol.swift; sourceTree = "<group>"; };
		D228A79822B52F8600C935E1 /* RotatedBadgeSymbol.swift */ = {isa = PBXFileReference; lastKnownFileType = sourcecode.swift; path = RotatedBadgeSymbol.swift; sourceTree = "<group>"; };
		D228A79A22B5301E00C935E1 /* BadgeBackground.swift */ = {isa = PBXFileReference; lastKnownFileType = sourcecode.swift; path = BadgeBackground.swift; sourceTree = "<group>"; };
		D228A79C22B5305200C935E1 /* Badge.swift */ = {isa = PBXFileReference; lastKnownFileType = sourcecode.swift; path = Badge.swift; sourceTree = "<group>"; };
		D2B5C36122B50CA800D80541 /* 05-Animating-Views-and-Transitions.app */ = {isa = PBXFileReference; explicitFileType = wrapper.application; includeInIndex = 0; path = "05-Animating-Views-and-Transitions.app"; sourceTree = BUILT_PRODUCTS_DIR; };
		D2B5C36422B50CA800D80541 /* AppDelegate.swift */ = {isa = PBXFileReference; lastKnownFileType = sourcecode.swift; path = AppDelegate.swift; sourceTree = "<group>"; };
		D2B5C36622B50CA800D80541 /* SceneDelegate.swift */ = {isa = PBXFileReference; lastKnownFileType = sourcecode.swift; path = SceneDelegate.swift; sourceTree = "<group>"; };
		D2B5C36A22B50CAA00D80541 /* Assets.xcassets */ = {isa = PBXFileReference; lastKnownFileType = folder.assetcatalog; path = Assets.xcassets; sourceTree = "<group>"; };
		D2B5C36D22B50CAA00D80541 /* Preview Assets.xcassets */ = {isa = PBXFileReference; lastKnownFileType = folder.assetcatalog; path = "Preview Assets.xcassets"; sourceTree = "<group>"; };
		D2B5C37022B50CAA00D80541 /* Base */ = {isa = PBXFileReference; lastKnownFileType = file.storyboard; name = Base; path = Base.lproj/LaunchScreen.storyboard; sourceTree = "<group>"; };
		D2B5C37222B50CAA00D80541 /* Info.plist */ = {isa = PBXFileReference; lastKnownFileType = text.plist.xml; path = Info.plist; sourceTree = "<group>"; };
		D2B5C37822B51AB000D80541 /* README.md */ = {isa = PBXFileReference; lastKnownFileType = net.daringfireball.markdown; path = README.md; sourceTree = "<group>"; };
/* End PBXFileReference section */

/* Begin PBXFrameworksBuildPhase section */
		D2B5C35E22B50CA800D80541 /* Frameworks */ = {
			isa = PBXFrameworksBuildPhase;
			buildActionMask = 2147483647;
			files = (
			);
			runOnlyForDeploymentPostprocessing = 0;
		};
/* End PBXFrameworksBuildPhase section */

/* Begin PBXGroup section */
		D228A76722B5262100C935E1 /* Models */ = {
			isa = PBXGroup;
			children = (
				D228A76822B5262100C935E1 /* Data.swift */,
				D228A76922B5262100C935E1 /* UserData.swift */,
				D228A76A22B5262100C935E1 /* Landmark.swift */,
			);
			path = Models;
			sourceTree = "<group>";
		};
		D228A76B22B5262100C935E1 /* Resources */ = {
			isa = PBXGroup;
			children = (
				D228A76C22B5262100C935E1 /* charleyrivers.jpg */,
				D228A76D22B5262100C935E1 /* turtlerock.jpg */,
				D228A76E22B5262100C935E1 /* silversalmoncreek.jpg */,
				D228A76F22B5262100C935E1 /* icybay.jpg */,
				D228A77022B5262100C935E1 /* lakemcdonald.jpg */,
				D228A77122B5262100C935E1 /* hiddenlake.jpg */,
				D228A77222B5262100C935E1 /* twinlake.jpg */,
				D228A77322B5262100C935E1 /* umbagog.jpg */,
				D228A77422B5262100C935E1 /* landmarkData.json */,
				D228A77522B5262100C935E1 /* chincoteague.jpg */,
				D228A77622B5262100C935E1 /* stmarylake.jpg */,
				D228A77722B5262100C935E1 /* chilkoottrail.jpg */,
				D228A77822B5262100C935E1 /* rainbowlake.jpg */,
			);
			path = Resources;
			sourceTree = "<group>";
		};
		D228A77922B5262100C935E1 /* Supporting Views */ = {
			isa = PBXGroup;
			children = (
				D228A78A22B5266900C935E1 /* CircleImage.swift */,
				D228A78C22B5272000C935E1 /* MapView.swift */,
				D228A79622B52F6B00C935E1 /* BadgeSymbol.swift */,
				D228A79822B52F8600C935E1 /* RotatedBadgeSymbol.swift */,
				D228A79A22B5301E00C935E1 /* BadgeBackground.swift */,
				D228A79C22B5305200C935E1 /* Badge.swift */,
			);
			path = "Supporting Views";
			sourceTree = "<group>";
		};
		D2B5C35822B50CA800D80541 = {
			isa = PBXGroup;
			children = (
				D2B5C37822B51AB000D80541 /* README.md */,
				D2B5C36322B50CA800D80541 /* 05-Animating-Views-and-Transitions */,
				D2B5C36222B50CA800D80541 /* Products */,
			);
			sourceTree = "<group>";
		};
		D2B5C36222B50CA800D80541 /* Products */ = {
			isa = PBXGroup;
			children = (
				D2B5C36122B50CA800D80541 /* 05-Animating-Views-and-Transitions.app */,
			);
			name = Products;
			sourceTree = "<group>";
		};
		D2B5C36322B50CA800D80541 /* 05-Animating-Views-and-Transitions */ = {
			isa = PBXGroup;
			children = (
				D228A76722B5262100C935E1 /* Models */,
				D228A76B22B5262100C935E1 /* Resources */,
				D228A77922B5262100C935E1 /* Supporting Views */,
				D2B5C36422B50CA800D80541 /* AppDelegate.swift */,
				D2B5C36622B50CA800D80541 /* SceneDelegate.swift */,
				D2B5C36A22B50CAA00D80541 /* Assets.xcassets */,
				D2B5C36F22B50CAA00D80541 /* LaunchScreen.storyboard */,
				D2B5C37222B50CAA00D80541 /* Info.plist */,
				D228A79422B52F1200C935E1 /* HexagonParameters.swift */,
				D2B5C36C22B50CAA00D80541 /* Preview Content */,
				D228A78E22B5282900C935E1 /* LandmarkDetail.swift */,
				D228A79022B52C3A00C935E1 /* LandmarkRow.swift */,
				D228A79222B52D8800C935E1 /* LandmarkList.swift */,
			);
			path = "05-Animating-Views-and-Transitions";
			sourceTree = "<group>";
		};
		D2B5C36C22B50CAA00D80541 /* Preview Content */ = {
			isa = PBXGroup;
			children = (
				D2B5C36D22B50CAA00D80541 /* Preview Assets.xcassets */,
			);
			path = "Preview Content";
			sourceTree = "<group>";
		};
/* End PBXGroup section */

/* Begin PBXNativeTarget section */
		D2B5C36022B50CA800D80541 /* 05-Animating-Views-and-Transitions */ = {
			isa = PBXNativeTarget;
			buildConfigurationList = D2B5C37522B50CAA00D80541 /* Build configuration list for PBXNativeTarget "05-Animating-Views-and-Transitions" */;
			buildPhases = (
				D2B5C35D22B50CA800D80541 /* Sources */,
				D2B5C35E22B50CA800D80541 /* Frameworks */,
				D2B5C35F22B50CA800D80541 /* Resources */,
			);
			buildRules = (
			);
			dependencies = (
			);
			name = "05-Animating-Views-and-Transitions";
			productName = "05-Animating-Views-and-Transitions";
			productReference = D2B5C36122B50CA800D80541 /* 05-Animating-Views-and-Transitions.app */;
			productType = "com.apple.product-type.application";
		};
/* End PBXNativeTarget section */

/* Begin PBXProject section */
		D2B5C35922B50CA800D80541 /* Project object */ = {
			isa = PBXProject;
			attributes = {
				LastSwiftUpdateCheck = 1100;
				LastUpgradeCheck = 1100;
				ORGANIZATIONNAME = xiaoyuan;
				TargetAttributes = {
					D2B5C36022B50CA800D80541 = {
						CreatedOnToolsVersion = 11.0;
					};
				};
			};
			buildConfigurationList = D2B5C35C22B50CA800D80541 /* Build configuration list for PBXProject "05-Animating-Views-and-Transitions" */;
			compatibilityVersion = "Xcode 9.3";
			developmentRegion = en;
			hasScannedForEncodings = 0;
			knownRegions = (
				en,
				Base,
			);
			mainGroup = D2B5C35822B50CA800D80541;
			productRefGroup = D2B5C36222B50CA800D80541 /* Products */;
			projectDirPath = "";
			projectRoot = "";
			targets = (
				D2B5C36022B50CA800D80541 /* 05-Animating-Views-and-Transitions */,
			);
		};
/* End PBXProject section */

/* Begin PBXResourcesBuildPhase section */
		D2B5C35F22B50CA800D80541 /* Resources */ = {
			isa = PBXResourcesBuildPhase;
			buildActionMask = 2147483647;
			files = (
				D228A78422B5262100C935E1 /* umbagog.jpg in Resources */,
				D228A77D22B5262100C935E1 /* charleyrivers.jpg in Resources */,
				D2B5C37122B50CAA00D80541 /* LaunchScreen.storyboard in Resources */,
				D228A78022B5262100C935E1 /* icybay.jpg in Resources */,
				D228A78522B5262100C935E1 /* landmarkData.json in Resources */,
				D228A78122B5262100C935E1 /* lakemcdonald.jpg in Resources */,
				D228A78722B5262100C935E1 /* stmarylake.jpg in Resources */,
				D228A77E22B5262100C935E1 /* turtlerock.jpg in Resources */,
				D2B5C36E22B50CAA00D80541 /* Preview Assets.xcassets in Resources */,
				D228A78822B5262100C935E1 /* chilkoottrail.jpg in Resources */,
				D228A77F22B5262100C935E1 /* silversalmoncreek.jpg in Resources */,
				D2B5C37922B51AB000D80541 /* README.md in Resources */,
				D228A78622B5262100C935E1 /* chincoteague.jpg in Resources */,
				D228A78222B5262100C935E1 /* hiddenlake.jpg in Resources */,
				D2B5C36B22B50CAA00D80541 /* Assets.xcassets in Resources */,
				D228A78322B5262100C935E1 /* twinlake.jpg in Resources */,
				D228A78922B5262100C935E1 /* rainbowlake.jpg in Resources */,
			);
			runOnlyForDeploymentPostprocessing = 0;
		};
/* End PBXResourcesBuildPhase section */

/* Begin PBXSourcesBuildPhase section */
		D2B5C35D22B50CA800D80541 /* Sources */ = {
			isa = PBXSourcesBuildPhase;
			buildActionMask = 2147483647;
			files = (
				D2B5C36522B50CA800D80541 /* AppDelegate.swift in Sources */,
				D228A79D22B5305200C935E1 /* Badge.swift in Sources */,
				D228A79322B52D8800C935E1 /* LandmarkList.swift in Sources */,
				D228A78D22B5272000C935E1 /* MapView.swift in Sources */,
				D2B5C36722B50CA800D80541 /* SceneDelegate.swift in Sources */,
				D228A79522B52F1200C935E1 /* HexagonParameters.swift in Sources */,
				D228A79722B52F6B00C935E1 /* BadgeSymbol.swift in Sources */,
				D228A78F22B5282900C935E1 /* LandmarkDetail.swift in Sources */,
				D228A78B22B5266900C935E1 /* CircleImage.swift in Sources */,
				D228A77B22B5262100C935E1 /* UserData.swift in Sources */,
				D228A79B22B5301E00C935E1 /* BadgeBackground.swift in Sources */,
				D228A77A22B5262100C935E1 /* Data.swift in Sources */,
				D228A79922B52F8600C935E1 /* RotatedBadgeSymbol.swift in Sources */,
				D228A79122B52C3A00C935E1 /* LandmarkRow.swift in Sources */,
				D228A77C22B5262100C935E1 /* Landmark.swift in Sources */,
			);
			runOnlyForDeploymentPostprocessing = 0;
		};
/* End PBXSourcesBuildPhase section */

/* Begin PBXVariantGroup section */
		D2B5C36F22B50CAA00D80541 /* LaunchScreen.storyboard */ = {
			isa = PBXVariantGroup;
			children = (
				D2B5C37022B50CAA00D80541 /* Base */,
			);
			name = LaunchScreen.storyboard;
			sourceTree = "<group>";
		};
/* End PBXVariantGroup section */

/* Begin XCBuildConfiguration section */
		D2B5C37322B50CAA00D80541 /* Debug */ = {
			isa = XCBuildConfiguration;
			buildSettings = {
				ALWAYS_SEARCH_USER_PATHS = NO;
				CLANG_ANALYZER_NONNULL = YES;
				CLANG_ANALYZER_NUMBER_OBJECT_CONVERSION = YES_AGGRESSIVE;
				CLANG_CXX_LANGUAGE_STANDARD = "gnu++14";
				CLANG_CXX_LIBRARY = "libc++";
				CLANG_ENABLE_MODULES = YES;
				CLANG_ENABLE_OBJC_ARC = YES;
				CLANG_ENABLE_OBJC_WEAK = YES;
				CLANG_WARN_BLOCK_CAPTURE_AUTORELEASING = YES;
				CLANG_WARN_BOOL_CONVERSION = YES;
				CLANG_WARN_COMMA = YES;
				CLANG_WARN_CONSTANT_CONVERSION = YES;
				CLANG_WARN_DEPRECATED_OBJC_IMPLEMENTATIONS = YES;
				CLANG_WARN_DIRECT_OBJC_ISA_USAGE = YES_ERROR;
				CLANG_WARN_DOCUMENTATION_COMMENTS = YES;
				CLANG_WARN_EMPTY_BODY = YES;
				CLANG_WARN_ENUM_CONVERSION = YES;
				CLANG_WARN_INFINITE_RECURSION = YES;
				CLANG_WARN_INT_CONVERSION = YES;
				CLANG_WARN_NON_LITERAL_NULL_CONVERSION = YES;
				CLANG_WARN_OBJC_IMPLICIT_RETAIN_SELF = YES;
				CLANG_WARN_OBJC_LITERAL_CONVERSION = YES;
				CLANG_WARN_OBJC_ROOT_CLASS = YES_ERROR;
				CLANG_WARN_RANGE_LOOP_ANALYSIS = YES;
				CLANG_WARN_STRICT_PROTOTYPES = YES;
				CLANG_WARN_SUSPICIOUS_MOVE = YES;
				CLANG_WARN_UNGUARDED_AVAILABILITY = YES_AGGRESSIVE;
				CLANG_WARN_UNREACHABLE_CODE = YES;
				CLANG_WARN__DUPLICATE_METHOD_MATCH = YES;
				COPY_PHASE_STRIP = NO;
				DEBUG_INFORMATION_FORMAT = dwarf;
				ENABLE_STRICT_OBJC_MSGSEND = YES;
				ENABLE_TESTABILITY = YES;
				GCC_C_LANGUAGE_STANDARD = gnu11;
				GCC_DYNAMIC_NO_PIC = NO;
				GCC_NO_COMMON_BLOCKS = YES;
				GCC_OPTIMIZATION_LEVEL = 0;
				GCC_PREPROCESSOR_DEFINITIONS = (
					"DEBUG=1",
					"$(inherited)",
				);
				GCC_WARN_64_TO_32_BIT_CONVERSION = YES;
				GCC_WARN_ABOUT_RETURN_TYPE = YES_ERROR;
				GCC_WARN_UNDECLARED_SELECTOR = YES;
				GCC_WARN_UNINITIALIZED_AUTOS = YES_AGGRESSIVE;
				GCC_WARN_UNUSED_FUNCTION = YES;
				GCC_WARN_UNUSED_VARIABLE = YES;
				IPHONEOS_DEPLOYMENT_TARGET = 13.0;
				MTL_ENABLE_DEBUG_INFO = INCLUDE_SOURCE;
				MTL_FAST_MATH = YES;
				ONLY_ACTIVE_ARCH = YES;
				SDKROOT = iphoneos;
				SWIFT_ACTIVE_COMPILATION_CONDITIONS = DEBUG;
				SWIFT_OPTIMIZATION_LEVEL = "-Onone";
			};
			name = Debug;
		};
		D2B5C37422B50CAA00D80541 /* Release */ = {
			isa = XCBuildConfiguration;
			buildSettings = {
				ALWAYS_SEARCH_USER_PATHS = NO;
				CLANG_ANALYZER_NONNULL = YES;
				CLANG_ANALYZER_NUMBER_OBJECT_CONVERSION = YES_AGGRESSIVE;
				CLANG_CXX_LANGUAGE_STANDARD = "gnu++14";
				CLANG_CXX_LIBRARY = "libc++";
				CLANG_ENABLE_MODULES = YES;
				CLANG_ENABLE_OBJC_ARC = YES;
				CLANG_ENABLE_OBJC_WEAK = YES;
				CLANG_WARN_BLOCK_CAPTURE_AUTORELEASING = YES;
				CLANG_WARN_BOOL_CONVERSION = YES;
				CLANG_WARN_COMMA = YES;
				CLANG_WARN_CONSTANT_CONVERSION = YES;
				CLANG_WARN_DEPRECATED_OBJC_IMPLEMENTATIONS = YES;
				CLANG_WARN_DIRECT_OBJC_ISA_USAGE = YES_ERROR;
				CLANG_WARN_DOCUMENTATION_COMMENTS = YES;
				CLANG_WARN_EMPTY_BODY = YES;
				CLANG_WARN_ENUM_CONVERSION = YES;
				CLANG_WARN_INFINITE_RECURSION = YES;
				CLANG_WARN_INT_CONVERSION = YES;
				CLANG_WARN_NON_LITERAL_NULL_CONVERSION = YES;
				CLANG_WARN_OBJC_IMPLICIT_RETAIN_SELF = YES;
				CLANG_WARN_OBJC_LITERAL_CONVERSION = YES;
				CLANG_WARN_OBJC_ROOT_CLASS = YES_ERROR;
				CLANG_WARN_RANGE_LOOP_ANALYSIS = YES;
				CLANG_WARN_STRICT_PROTOTYPES = YES;
				CLANG_WARN_SUSPICIOUS_MOVE = YES;
				CLANG_WARN_UNGUARDED_AVAILABILITY = YES_AGGRESSIVE;
				CLANG_WARN_UNREACHABLE_CODE = YES;
				CLANG_WARN__DUPLICATE_METHOD_MATCH = YES;
				COPY_PHASE_STRIP = NO;
				DEBUG_INFORMATION_FORMAT = "dwarf-with-dsym";
				ENABLE_NS_ASSERTIONS = NO;
				ENABLE_STRICT_OBJC_MSGSEND = YES;
				GCC_C_LANGUAGE_STANDARD = gnu11;
				GCC_NO_COMMON_BLOCKS = YES;
				GCC_WARN_64_TO_32_BIT_CONVERSION = YES;
				GCC_WARN_ABOUT_RETURN_TYPE = YES_ERROR;
				GCC_WARN_UNDECLARED_SELECTOR = YES;
				GCC_WARN_UNINITIALIZED_AUTOS = YES_AGGRESSIVE;
				GCC_WARN_UNUSED_FUNCTION = YES;
				GCC_WARN_UNUSED_VARIABLE = YES;
				IPHONEOS_DEPLOYMENT_TARGET = 13.0;
				MTL_ENABLE_DEBUG_INFO = NO;
				MTL_FAST_MATH = YES;
				SDKROOT = iphoneos;
				SWIFT_COMPILATION_MODE = wholemodule;
				SWIFT_OPTIMIZATION_LEVEL = "-O";
				VALIDATE_PRODUCT = YES;
			};
			name = Release;
		};
		D2B5C37622B50CAA00D80541 /* Debug */ = {
			isa = XCBuildConfiguration;
			buildSettings = {
				ASSETCATALOG_COMPILER_APPICON_NAME = AppIcon;
				CODE_SIGN_STYLE = Automatic;
				DEVELOPMENT_ASSET_PATHS = "05-Animating-Views-and-Transitions/Preview\\ Content";
				DEVELOPMENT_TEAM = NKW67GFDHM;
				ENABLE_PREVIEWS = YES;
				INFOPLIST_FILE = "05-Animating-Views-and-Transitions/Info.plist";
				LD_RUNPATH_SEARCH_PATHS = (
					"$(inherited)",
					"@executable_path/Frameworks",
				);
				PRODUCT_BUNDLE_IDENTIFIER = "com.alpface.-5-Animating-Views-and-Transitions";
				PRODUCT_NAME = "$(TARGET_NAME)";
				SWIFT_VERSION = 5.0;
				TARGETED_DEVICE_FAMILY = "1,2";
			};
			name = Debug;
		};
		D2B5C37722B50CAA00D80541 /* Release */ = {
			isa = XCBuildConfiguration;
			buildSettings = {
				ASSETCATALOG_COMPILER_APPICON_NAME = AppIcon;
				CODE_SIGN_STYLE = Automatic;
				DEVELOPMENT_ASSET_PATHS = "05-Animating-Views-and-Transitions/Preview\\ Content";
				DEVELOPMENT_TEAM = NKW67GFDHM;
				ENABLE_PREVIEWS = YES;
				INFOPLIST_FILE = "05-Animating-Views-and-Transitions/Info.plist";
				LD_RUNPATH_SEARCH_PATHS = (
					"$(inherited)",
					"@executable_path/Frameworks",
				);
				PRODUCT_BUNDLE_IDENTIFIER = "com.alpface.-5-Animating-Views-and-Transitions";
				PRODUCT_NAME = "$(TARGET_NAME)";
				SWIFT_VERSION = 5.0;
				TARGETED_DEVICE_FAMILY = "1,2";
			};
			name = Release;
		};
/* End XCBuildConfiguration section */

/* Begin XCConfigurationList section */
		D2B5C35C22B50CA800D80541 /* Build configuration list for PBXProject "05-Animating-Views-and-Transitions" */ = {
			isa = XCConfigurationList;
			buildConfigurations = (
				D2B5C37322B50CAA00D80541 /* Debug */,
				D2B5C37422B50CAA00D80541 /* Release */,
			);
			defaultConfigurationIsVisible = 0;
			defaultConfigurationName = Release;
		};
		D2B5C37522B50CAA00D80541 /* Build configuration list for PBXNativeTarget "05-Animating-Views-and-Transitions" */ = {
			isa = XCConfigurationList;
			buildConfigurations = (
				D2B5C37622B50CAA00D80541 /* Debug */,
				D2B5C37722B50CAA00D80541 /* Release */,
			);
			defaultConfigurationIsVisible = 0;
			defaultConfigurationName = Release;
		};
/* End XCConfigurationList section */
	};
	rootObject = D2B5C35922B50CA800D80541 /* Project object */;
}
